
Microsoft Visual Studio Solution File, Format Version 12.00
# Visual Studio 14
VisualStudioVersion = 14.0.23107.0
MinimumVisualStudioVersion = 10.0.40219.1
Project("{FAE04EC0-301F-11D3-BF4B-00C04F79EFBC}") = "Security.Sample.MVC", "Security.Sample.MVC\Security.Sample.MVC.csproj", "{83FDB226-CF4B-48CC-A907-7DB51D56272C}"
EndProject
Project("{FAE04EC0-301F-11D3-BF4B-00C04F79EFBC}") = "Security.Sample.Service", "Security.Sample.Business\Security.Sample.Service.csproj", "{3F15A34D-BB4E-4418-A6E8-BA4820280D15}"
EndProject
Project("{FAE04EC0-301F-11D3-BF4B-00C04F79EFBC}") = "Security.Sample.Core", "Security.Sample.Core\Security.Sample.Core.csproj", "{D1E19CF2-6C3C-48BC-B054-25BA9C926FBA}"
EndProject
Project("{FAE04EC0-301F-11D3-BF4B-00C04F79EFBC}") = "Security.Sample.Data", "Security.Sample.Data\Security.Sample.Data.csproj", "{38C6065F-C431-4EB9-94DD-B012F81FDE33}"
EndProject
Global
	GlobalSection(SolutionConfigurationPlatforms) = preSolution
		Debug|Any CPU = Debug|Any CPU
		Release|Any CPU = Release|Any CPU
	EndGlobalSection
	GlobalSection(ProjectConfigurationPlatforms) = postSolution
		{83FDB226-CF4B-48CC-A907-7DB51D56272C}.Debug|Any CPU.ActiveCfg = Debug|Any CPU
		{83FDB226-CF4B-48CC-A907-7DB51D56272C}.Debug|Any CPU.Build.0 = Debug|Any CPU
		{83FDB226-CF4B-48CC-A907-7DB51D56272C}.Release|Any CPU.ActiveCfg = Release|Any CPU
		{83FDB226-CF4B-48CC-A907-7DB51D56272C}.Release|Any CPU.Build.0 = Release|Any CPU
		{3F15A34D-BB4E-4418-A6E8-BA4820280D15}.Debug|Any CPU.ActiveCfg = Debug|Any CPU
		{3F15A34D-BB4E-4418-A6E8-BA4820280D15}.Debug|Any CPU.Build.0 = Debug|Any CPU
		{3F15A34D-BB4E-4418-A6E8-BA4820280D15}.Release|Any CPU.ActiveCfg = Release|Any CPU
		{3F15A34D-BB4E-4418-A6E8-BA4820280D15}.Release|Any CPU.Build.0 = Release|Any CPU
		{D1E19CF2-6C3C-48BC-B054-25BA9C926FBA}.Debug|Any CPU.ActiveCfg = Debug|Any CPU
		{D1E19CF2-6C3C-48BC-B054-25BA9C926FBA}.Debug|Any CPU.Build.0 = Debug|Any CPU
		{D1E19CF2-6C3C-48BC-B054-25BA9C926FBA}.Release|Any CPU.ActiveCfg = Release|Any CPU
		{D1E19CF2-6C3C-48BC-B054-25BA9C926FBA}.Release|Any CPU.Build.0 = Release|Any CPU
		{38C6065F-C431-4EB9-94DD-B012F81FDE33}.Debug|Any CPU.ActiveCfg = Debug|Any CPU
		{38C6065F-C431-4EB9-94DD-B012F81FDE33}.Debug|Any CPU.Build.0 = Debug|Any CPU
		{38C6065F-C431-4EB9-94DD-B012F81FDE33}.Release|Any CPU.ActiveCfg = Release|Any CPU
		{38C6065F-C431-4EB9-94DD-B012F81FDE33}.Release|Any CPU.Build.0 = Release|Any CPU
	EndGlobalSection
	GlobalSection(SolutionProperties) = preSolution
		HideSolutionNode = FALSE
	EndGlobalSection
EndGlobal
